
Microsoft Visual Studio Solution File, Format Version 12.00
# Visual Studio Version 16
VisualStudioVersion = 16.0.31911.196
MinimumVisualStudioVersion = 10.0.40219.1
Project("{FAE04EC0-301F-11D3-BF4B-00C04F79EFBC}") = "Sreaming", "Sreaming\Sreaming.csproj", "{788D29EF-0FCF-4442-AFDD-D862BE424266}"
EndProject
Project("{FAE04EC0-301F-11D3-BF4B-00C04F79EFBC}") = "Fixed", "Fixed\Fixed.csproj", "{D772F1ED-04BD-4887-A645-26213B91C615}"
EndProject
Global
	GlobalSection(SolutionConfigurationPlatforms) = preSolution
		Debug|Any CPU = Debug|Any CPU
		Release|Any CPU = Release|Any CPU
	EndGlobalSection
	GlobalSection(ProjectConfigurationPlatforms) = postSolution
		{788D29EF-0FCF-4442-AFDD-D862BE424266}.Debug|Any CPU.ActiveCfg = Debug|Any CPU
		{788D29EF-0FCF-4442-AFDD-D862BE424266}.Debug|Any CPU.Build.0 = Debug|Any CPU
		{788D29EF-0FCF-4442-AFDD-D862BE424266}.Release|Any CPU.ActiveCfg = Release|Any CPU
		{788D29EF-0FCF-4442-AFDD-D862BE424266}.Release|Any CPU.Build.0 = Release|Any CPU
		{D772F1ED-04BD-4887-A645-26213B91C615}.Debug|Any CPU.ActiveCfg = Debug|Any CPU
		{D772F1ED-04BD-4887-A645-26213B91C615}.Debug|Any CPU.Build.0 = Debug|Any CPU
		{D772F1ED-04BD-4887-A645-26213B91C615}.Release|Any CPU.ActiveCfg = Release|Any CPU
		{D772F1ED-04BD-4887-A645-26213B91C615}.Release|Any CPU.Build.0 = Release|Any CPU
	EndGlobalSection
	GlobalSection(SolutionProperties) = preSolution
		HideSolutionNode = FALSE
	EndGlobalSection
	GlobalSection(ExtensibilityGlobals) = postSolution
		SolutionGuid = {AFB9D9FA-B0AA-4AA7-BAE1-484A758CE02F}
	EndGlobalSection
EndGlobal
